
Microsoft Visual Studio Solution File, Format Version 12.00
# Visual Studio Version 16
VisualStudioVersion = 16.0.29709.97
MinimumVisualStudioVersion = 10.0.40219.1
Project("{8BC9CEB8-8B4A-11D0-8D11-00A0C91BC942}") = "Kaylee Bliaya Assignment 2", "Kaylee Bliaya Assignment 2\Kaylee Bliaya Assignment 2.vcxproj", "{20F5D452-5827-416C-AF95-5ACA5A4A9176}"
EndProject
Global
	GlobalSection(SolutionConfigurationPlatforms) = preSolution
		Debug|x64 = Debug|x64
		Debug|x86 = Debug|x86
		Release|x64 = Release|x64
		Release|x86 = Release|x86
	EndGlobalSection
	GlobalSection(ProjectConfigurationPlatforms) = postSolution
		{20F5D452-5827-416C-AF95-5ACA5A4A9176}.Debug|x64.ActiveCfg = Debug|x64
		{20F5D452-5827-416C-AF95-5ACA5A4A9176}.Debug|x64.Build.0 = Debug|x64
		{20F5D452-5827-416C-AF95-5ACA5A4A9176}.Debug|x86.ActiveCfg = Debug|Win32
		{20F5D452-5827-416C-AF95-5ACA5A4A9176}.Debug|x86.Build.0 = Debug|Win32
		{20F5D452-5827-416C-AF95-5ACA5A4A9176}.Release|x64.ActiveCfg = Release|x64
		{20F5D452-5827-416C-AF95-5ACA5A4A9176}.Release|x64.Build.0 = Release|x64
		{20F5D452-5827-416C-AF95-5ACA5A4A9176}.Release|x86.ActiveCfg = Release|Win32
		{20F5D452-5827-416C-AF95-5ACA5A4A9176}.Release|x86.Build.0 = Release|Win32
	EndGlobalSection
	GlobalSection(SolutionProperties) = preSolution
		HideSolutionNode = FALSE
	EndGlobalSection
	GlobalSection(ExtensibilityGlobals) = postSolution
		SolutionGuid = {AA30ACC5-FFA6-43C2-A74D-F785769F82DF}
	EndGlobalSection
EndGlobal
